// !$*UTF8*$!
{
	archiveVersion = 1;
	classes = {
	};
	objectVersion = 52;
	objects = {

/* Begin PBXBuildFile section */
		D54321522617718A00566CE7 /* Tests_iOS.swift in Sources */ = {isa = PBXBuildFile; fileRef = D54321512617718A00566CE7 /* Tests_iOS.swift */; };
		D543215D2617718A00566CE7 /* Tests_macOS.swift in Sources */ = {isa = PBXBuildFile; fileRef = D543215C2617718A00566CE7 /* Tests_macOS.swift */; };
		D543215F2617718A00566CE7 /* ZombieSimulatorApp.swift in Sources */ = {isa = PBXBuildFile; fileRef = D54321362617718900566CE7 /* ZombieSimulatorApp.swift */; };
		D54321602617718A00566CE7 /* ZombieSimulatorApp.swift in Sources */ = {isa = PBXBuildFile; fileRef = D54321362617718900566CE7 /* ZombieSimulatorApp.swift */; };
		D54321612617718A00566CE7 /* ContentView.swift in Sources */ = {isa = PBXBuildFile; fileRef = D54321372617718900566CE7 /* ContentView.swift */; };
		D54321622617718A00566CE7 /* ContentView.swift in Sources */ = {isa = PBXBuildFile; fileRef = D54321372617718900566CE7 /* ContentView.swift */; };
		D54321632617718A00566CE7 /* Assets.xcassets in Resources */ = {isa = PBXBuildFile; fileRef = D54321382617718A00566CE7 /* Assets.xcassets */; };
		D54321642617718A00566CE7 /* Assets.xcassets in Resources */ = {isa = PBXBuildFile; fileRef = D54321382617718A00566CE7 /* Assets.xcassets */; };
		D54321812617742400566CE7 /* ChangingPlotParameters.swift in Sources */ = {isa = PBXBuildFile; fileRef = D54321772617742400566CE7 /* ChangingPlotParameters.swift */; };
		D54321822617742400566CE7 /* ChangingPlotParameters.swift in Sources */ = {isa = PBXBuildFile; fileRef = D54321772617742400566CE7 /* ChangingPlotParameters.swift */; };
		D54321832617742400566CE7 /* ChangingPlotParameters.swift in Sources */ = {isa = PBXBuildFile; fileRef = D54321772617742400566CE7 /* ChangingPlotParameters.swift */; };
		D54321842617742400566CE7 /* ChangingPlotParameters.swift in Sources */ = {isa = PBXBuildFile; fileRef = D54321772617742400566CE7 /* ChangingPlotParameters.swift */; };
		D54321852617742400566CE7 /* CorePlot.swift in Sources */ = {isa = PBXBuildFile; fileRef = D54321782617742400566CE7 /* CorePlot.swift */; };
		D54321862617742400566CE7 /* CorePlot.swift in Sources */ = {isa = PBXBuildFile; fileRef = D54321782617742400566CE7 /* CorePlot.swift */; };
		D54321872617742400566CE7 /* CorePlot.swift in Sources */ = {isa = PBXBuildFile; fileRef = D54321782617742400566CE7 /* CorePlot.swift */; };
		D54321882617742400566CE7 /* CorePlot.swift in Sources */ = {isa = PBXBuildFile; fileRef = D54321782617742400566CE7 /* CorePlot.swift */; };
		D543218D2617742400566CE7 /* PlotDataClass.swift in Sources */ = {isa = PBXBuildFile; fileRef = D543217A2617742400566CE7 /* PlotDataClass.swift */; };
		D543218E2617742400566CE7 /* PlotDataClass.swift in Sources */ = {isa = PBXBuildFile; fileRef = D543217A2617742400566CE7 /* PlotDataClass.swift */; };
		D543218F2617742400566CE7 /* PlotDataClass.swift in Sources */ = {isa = PBXBuildFile; fileRef = D543217A2617742400566CE7 /* PlotDataClass.swift */; };
		D54321902617742400566CE7 /* PlotDataClass.swift in Sources */ = {isa = PBXBuildFile; fileRef = D543217A2617742400566CE7 /* PlotDataClass.swift */; };
		D54321912617742400566CE7 /* TextExportDocument.swift in Sources */ = {isa = PBXBuildFile; fileRef = D543217B2617742400566CE7 /* TextExportDocument.swift */; };
		D54321922617742400566CE7 /* TextExportDocument.swift in Sources */ = {isa = PBXBuildFile; fileRef = D543217B2617742400566CE7 /* TextExportDocument.swift */; };
		D54321932617742400566CE7 /* TextExportDocument.swift in Sources */ = {isa = PBXBuildFile; fileRef = D543217B2617742400566CE7 /* TextExportDocument.swift */; };
		D54321942617742400566CE7 /* TextExportDocument.swift in Sources */ = {isa = PBXBuildFile; fileRef = D543217B2617742400566CE7 /* TextExportDocument.swift */; };
		D54321952617742400566CE7 /* operators.swift in Sources */ = {isa = PBXBuildFile; fileRef = D543217C2617742400566CE7 /* operators.swift */; };
		D54321962617742400566CE7 /* operators.swift in Sources */ = {isa = PBXBuildFile; fileRef = D543217C2617742400566CE7 /* operators.swift */; };
		D54321972617742400566CE7 /* operators.swift in Sources */ = {isa = PBXBuildFile; fileRef = D543217C2617742400566CE7 /* operators.swift */; };
		D54321982617742400566CE7 /* operators.swift in Sources */ = {isa = PBXBuildFile; fileRef = D543217C2617742400566CE7 /* operators.swift */; };
		D54321992617742400566CE7 /* CalculatePlotData.swift in Sources */ = {isa = PBXBuildFile; fileRef = D543217D2617742400566CE7 /* CalculatePlotData.swift */; };
		D543219A2617742400566CE7 /* CalculatePlotData.swift in Sources */ = {isa = PBXBuildFile; fileRef = D543217D2617742400566CE7 /* CalculatePlotData.swift */; };
		D543219B2617742400566CE7 /* CalculatePlotData.swift in Sources */ = {isa = PBXBuildFile; fileRef = D543217D2617742400566CE7 /* CalculatePlotData.swift */; };
		D543219C2617742400566CE7 /* CalculatePlotData.swift in Sources */ = {isa = PBXBuildFile; fileRef = D543217D2617742400566CE7 /* CalculatePlotData.swift */; };
		D543219D2617742400566CE7 /* TextView.swift in Sources */ = {isa = PBXBuildFile; fileRef = D543217E2617742400566CE7 /* TextView.swift */; };
		D543219E2617742400566CE7 /* TextView.swift in Sources */ = {isa = PBXBuildFile; fileRef = D543217E2617742400566CE7 /* TextView.swift */; };
		D543219F2617742400566CE7 /* TextView.swift in Sources */ = {isa = PBXBuildFile; fileRef = D543217E2617742400566CE7 /* TextView.swift */; };
		D54321A02617742400566CE7 /* TextView.swift in Sources */ = {isa = PBXBuildFile; fileRef = D543217E2617742400566CE7 /* TextView.swift */; };
		D54321BB2617749A00566CE7 /* CorePlot in Frameworks */ = {isa = PBXBuildFile; productRef = D54321BA2617749A00566CE7 /* CorePlot */; };
		D54321C2261774A900566CE7 /* CorePlot in Frameworks */ = {isa = PBXBuildFile; productRef = D54321C1261774A900566CE7 /* CorePlot */; };
		D54321C4261774B300566CE7 /* CorePlot in Frameworks */ = {isa = PBXBuildFile; productRef = D54321C3261774B300566CE7 /* CorePlot */; };
		D54321CA2617761A00566CE7 /* ModelEquations.swift in Sources */ = {isa = PBXBuildFile; fileRef = D54321C92617761A00566CE7 /* ModelEquations.swift */; };
		D54321CB2617761A00566CE7 /* ModelEquations.swift in Sources */ = {isa = PBXBuildFile; fileRef = D54321C92617761A00566CE7 /* ModelEquations.swift */; };
		D54321CC2617761A00566CE7 /* ModelEquations.swift in Sources */ = {isa = PBXBuildFile; fileRef = D54321C92617761A00566CE7 /* ModelEquations.swift */; };
		D54321CD2617761A00566CE7 /* ModelEquations.swift in Sources */ = {isa = PBXBuildFile; fileRef = D54321C92617761A00566CE7 /* ModelEquations.swift */; };
/* End PBXBuildFile section */

/* Begin PBXContainerItemProxy section */
		D543214E2617718A00566CE7 /* PBXContainerItemProxy */ = {
			isa = PBXContainerItemProxy;
			containerPortal = D54321312617718800566CE7 /* Project object */;
			proxyType = 1;
			remoteGlobalIDString = D543213C2617718A00566CE7;
			remoteInfo = "ZombieSimulator (iOS)";
		};
		D54321592617718A00566CE7 /* PBXContainerItemProxy */ = {
			isa = PBXContainerItemProxy;
			containerPortal = D54321312617718800566CE7 /* Project object */;
			proxyType = 1;
			remoteGlobalIDString = D54321442617718A00566CE7;
			remoteInfo = "ZombieSimulator (macOS)";
		};
/* End PBXContainerItemProxy section */

/* Begin PBXFileReference section */
		D54321362617718900566CE7 /* ZombieSimulatorApp.swift */ = {isa = PBXFileReference; lastKnownFileType = sourcecode.swift; path = ZombieSimulatorApp.swift; sourceTree = "<group>"; };
		D54321372617718900566CE7 /* ContentView.swift */ = {isa = PBXFileReference; lastKnownFileType = sourcecode.swift; path = ContentView.swift; sourceTree = "<group>"; };
		D54321382617718A00566CE7 /* Assets.xcassets */ = {isa = PBXFileReference; lastKnownFileType = folder.assetcatalog; path = Assets.xcassets; sourceTree = "<group>"; };
		D543213D2617718A00566CE7 /* ZombieSimulator.app */ = {isa = PBXFileReference; explicitFileType = wrapper.application; includeInIndex = 0; path = ZombieSimulator.app; sourceTree = BUILT_PRODUCTS_DIR; };
		D54321402617718A00566CE7 /* Info.plist */ = {isa = PBXFileReference; lastKnownFileType = text.plist.xml; path = Info.plist; sourceTree = "<group>"; };
		D54321452617718A00566CE7 /* ZombieSimulator.app */ = {isa = PBXFileReference; explicitFileType = wrapper.application; includeInIndex = 0; path = ZombieSimulator.app; sourceTree = BUILT_PRODUCTS_DIR; };
		D54321472617718A00566CE7 /* Info.plist */ = {isa = PBXFileReference; lastKnownFileType = text.plist.xml; path = Info.plist; sourceTree = "<group>"; };
		D54321482617718A00566CE7 /* macOS.entitlements */ = {isa = PBXFileReference; lastKnownFileType = text.plist.entitlements; path = macOS.entitlements; sourceTree = "<group>"; };
		D543214D2617718A00566CE7 /* Tests iOS.xctest */ = {isa = PBXFileReference; explicitFileType = wrapper.cfbundle; includeInIndex = 0; path = "Tests iOS.xctest"; sourceTree = BUILT_PRODUCTS_DIR; };
		D54321512617718A00566CE7 /* Tests_iOS.swift */ = {isa = PBXFileReference; lastKnownFileType = sourcecode.swift; path = Tests_iOS.swift; sourceTree = "<group>"; };
		D54321532617718A00566CE7 /* Info.plist */ = {isa = PBXFileReference; lastKnownFileType = text.plist.xml; path = Info.plist; sourceTree = "<group>"; };
		D54321582617718A00566CE7 /* Tests macOS.xctest */ = {isa = PBXFileReference; explicitFileType = wrapper.cfbundle; includeInIndex = 0; path = "Tests macOS.xctest"; sourceTree = BUILT_PRODUCTS_DIR; };
		D543215C2617718A00566CE7 /* Tests_macOS.swift */ = {isa = PBXFileReference; lastKnownFileType = sourcecode.swift; path = Tests_macOS.swift; sourceTree = "<group>"; };
		D543215E2617718A00566CE7 /* Info.plist */ = {isa = PBXFileReference; lastKnownFileType = text.plist.xml; path = Info.plist; sourceTree = "<group>"; };
		D54321772617742400566CE7 /* ChangingPlotParameters.swift */ = {isa = PBXFileReference; lastKnownFileType = sourcecode.swift; path = ChangingPlotParameters.swift; sourceTree = "<group>"; };
		D54321782617742400566CE7 /* CorePlot.swift */ = {isa = PBXFileReference; lastKnownFileType = sourcecode.swift; path = CorePlot.swift; sourceTree = "<group>"; };
		D543217A2617742400566CE7 /* PlotDataClass.swift */ = {isa = PBXFileReference; lastKnownFileType = sourcecode.swift; path = PlotDataClass.swift; sourceTree = "<group>"; };
		D543217B2617742400566CE7 /* TextExportDocument.swift */ = {isa = PBXFileReference; lastKnownFileType = sourcecode.swift; path = TextExportDocument.swift; sourceTree = "<group>"; };
		D543217C2617742400566CE7 /* operators.swift */ = {isa = PBXFileReference; lastKnownFileType = sourcecode.swift; path = operators.swift; sourceTree = "<group>"; };
		D543217D2617742400566CE7 /* CalculatePlotData.swift */ = {isa = PBXFileReference; lastKnownFileType = sourcecode.swift; path = CalculatePlotData.swift; sourceTree = "<group>"; };
		D543217E2617742400566CE7 /* TextView.swift */ = {isa = PBXFileReference; lastKnownFileType = sourcecode.swift; path = TextView.swift; sourceTree = "<group>"; };
		D54321C92617761A00566CE7 /* ModelEquations.swift */ = {isa = PBXFileReference; lastKnownFileType = sourcecode.swift; path = ModelEquations.swift; sourceTree = "<group>"; };
/* End PBXFileReference section */

/* Begin PBXFrameworksBuildPhase section */
		D543213A2617718A00566CE7 /* Frameworks */ = {
			isa = PBXFrameworksBuildPhase;
			buildActionMask = 2147483647;
			files = (
				D54321BB2617749A00566CE7 /* CorePlot in Frameworks */,
			);
			runOnlyForDeploymentPostprocessing = 0;
		};
		D54321422617718A00566CE7 /* Frameworks */ = {
			isa = PBXFrameworksBuildPhase;
			buildActionMask = 2147483647;
			files = (
				D54321C2261774A900566CE7 /* CorePlot in Frameworks */,
			);
			runOnlyForDeploymentPostprocessing = 0;
		};
		D543214A2617718A00566CE7 /* Frameworks */ = {
			isa = PBXFrameworksBuildPhase;
			buildActionMask = 2147483647;
			files = (
				D54321C4261774B300566CE7 /* CorePlot in Frameworks */,
			);
			runOnlyForDeploymentPostprocessing = 0;
		};
		D54321552617718A00566CE7 /* Frameworks */ = {
			isa = PBXFrameworksBuildPhase;
			buildActionMask = 2147483647;
			files = (
			);
			runOnlyForDeploymentPostprocessing = 0;
		};
/* End PBXFrameworksBuildPhase section */

/* Begin PBXGroup section */
		D54321302617718800566CE7 = {
			isa = PBXGroup;
			children = (
				D54321352617718900566CE7 /* Shared */,
				D543213F2617718A00566CE7 /* iOS */,
				D54321462617718A00566CE7 /* macOS */,
				D54321502617718A00566CE7 /* Tests iOS */,
				D543215B2617718A00566CE7 /* Tests macOS */,
				D543213E2617718A00566CE7 /* Products */,
				D54321C0261774A900566CE7 /* Frameworks */,
			);
			sourceTree = "<group>";
		};
		D54321352617718900566CE7 /* Shared */ = {
			isa = PBXGroup;
			children = (
				D54321362617718900566CE7 /* ZombieSimulatorApp.swift */,
				D54321372617718900566CE7 /* ContentView.swift */,
				D54321C92617761A00566CE7 /* ModelEquations.swift */,
				D54321772617742400566CE7 /* ChangingPlotParameters.swift */,
				D54321782617742400566CE7 /* CorePlot.swift */,
				D543217A2617742400566CE7 /* PlotDataClass.swift */,
				D543217B2617742400566CE7 /* TextExportDocument.swift */,
				D543217C2617742400566CE7 /* operators.swift */,
				D543217D2617742400566CE7 /* CalculatePlotData.swift */,
				D543217E2617742400566CE7 /* TextView.swift */,
				D54321382617718A00566CE7 /* Assets.xcassets */,
			);
			path = Shared;
			sourceTree = "<group>";
		};
		D543213E2617718A00566CE7 /* Products */ = {
			isa = PBXGroup;
			children = (
				D543213D2617718A00566CE7 /* ZombieSimulator.app */,
				D54321452617718A00566CE7 /* ZombieSimulator.app */,
				D543214D2617718A00566CE7 /* Tests iOS.xctest */,
				D54321582617718A00566CE7 /* Tests macOS.xctest */,
			);
			name = Products;
			sourceTree = "<group>";
		};
		D543213F2617718A00566CE7 /* iOS */ = {
			isa = PBXGroup;
			children = (
				D54321402617718A00566CE7 /* Info.plist */,
			);
			path = iOS;
			sourceTree = "<group>";
		};
		D54321462617718A00566CE7 /* macOS */ = {
			isa = PBXGroup;
			children = (
				D54321472617718A00566CE7 /* Info.plist */,
				D54321482617718A00566CE7 /* macOS.entitlements */,
			);
			path = macOS;
			sourceTree = "<group>";
		};
		D54321502617718A00566CE7 /* Tests iOS */ = {
			isa = PBXGroup;
			children = (
				D54321512617718A00566CE7 /* Tests_iOS.swift */,
				D54321532617718A00566CE7 /* Info.plist */,
			);
			path = "Tests iOS";
			sourceTree = "<group>";
		};
		D543215B2617718A00566CE7 /* Tests macOS */ = {
			isa = PBXGroup;
			children = (
				D543215C2617718A00566CE7 /* Tests_macOS.swift */,
				D543215E2617718A00566CE7 /* Info.plist */,
			);
			path = "Tests macOS";
			sourceTree = "<group>";
		};
		D54321C0261774A900566CE7 /* Frameworks */ = {
			isa = PBXGroup;
			children = (
			);
			name = Frameworks;
			sourceTree = "<group>";
		};
/* End PBXGroup section */

/* Begin PBXNativeTarget section */
		D543213C2617718A00566CE7 /* ZombieSimulator (iOS) */ = {
			isa = PBXNativeTarget;
			buildConfigurationList = D54321672617718A00566CE7 /* Build configuration list for PBXNativeTarget "ZombieSimulator (iOS)" */;
			buildPhases = (
				D54321392617718A00566CE7 /* Sources */,
				D543213A2617718A00566CE7 /* Frameworks */,
				D543213B2617718A00566CE7 /* Resources */,
			);
			buildRules = (
			);
			dependencies = (
			);
			name = "ZombieSimulator (iOS)";
			packageProductDependencies = (
				D54321BA2617749A00566CE7 /* CorePlot */,
			);
			productName = "ZombieSimulator (iOS)";
			productReference = D543213D2617718A00566CE7 /* ZombieSimulator.app */;
			productType = "com.apple.product-type.application";
		};
		D54321442617718A00566CE7 /* ZombieSimulator (macOS) */ = {
			isa = PBXNativeTarget;
			buildConfigurationList = D543216A2617718A00566CE7 /* Build configuration list for PBXNativeTarget "ZombieSimulator (macOS)" */;
			buildPhases = (
				D54321412617718A00566CE7 /* Sources */,
				D54321422617718A00566CE7 /* Frameworks */,
				D54321432617718A00566CE7 /* Resources */,
			);
			buildRules = (
			);
			dependencies = (
			);
			name = "ZombieSimulator (macOS)";
			packageProductDependencies = (
				D54321C1261774A900566CE7 /* CorePlot */,
			);
			productName = "ZombieSimulator (macOS)";
			productReference = D54321452617718A00566CE7 /* ZombieSimulator.app */;
			productType = "com.apple.product-type.application";
		};
		D543214C2617718A00566CE7 /* Tests iOS */ = {
			isa = PBXNativeTarget;
			buildConfigurationList = D543216D2617718A00566CE7 /* Build configuration list for PBXNativeTarget "Tests iOS" */;
			buildPhases = (
				D54321492617718A00566CE7 /* Sources */,
				D543214A2617718A00566CE7 /* Frameworks */,
				D543214B2617718A00566CE7 /* Resources */,
			);
			buildRules = (
			);
			dependencies = (
				D543214F2617718A00566CE7 /* PBXTargetDependency */,
			);
			name = "Tests iOS";
			packageProductDependencies = (
				D54321C3261774B300566CE7 /* CorePlot */,
			);
			productName = "Tests iOS";
			productReference = D543214D2617718A00566CE7 /* Tests iOS.xctest */;
			productType = "com.apple.product-type.bundle.ui-testing";
		};
		D54321572617718A00566CE7 /* Tests macOS */ = {
			isa = PBXNativeTarget;
			buildConfigurationList = D54321702617718A00566CE7 /* Build configuration list for PBXNativeTarget "Tests macOS" */;
			buildPhases = (
				D54321542617718A00566CE7 /* Sources */,
				D54321552617718A00566CE7 /* Frameworks */,
				D54321562617718A00566CE7 /* Resources */,
			);
			buildRules = (
			);
			dependencies = (
				D543215A2617718A00566CE7 /* PBXTargetDependency */,
			);
			name = "Tests macOS";
			productName = "Tests macOS";
			productReference = D54321582617718A00566CE7 /* Tests macOS.xctest */;
			productType = "com.apple.product-type.bundle.ui-testing";
		};
/* End PBXNativeTarget section */

/* Begin PBXProject section */
		D54321312617718800566CE7 /* Project object */ = {
			isa = PBXProject;
			attributes = {
				LastSwiftUpdateCheck = 1240;
				LastUpgradeCheck = 1240;
				TargetAttributes = {
					D543213C2617718A00566CE7 = {
						CreatedOnToolsVersion = 12.4;
					};
					D54321442617718A00566CE7 = {
						CreatedOnToolsVersion = 12.4;
					};
					D543214C2617718A00566CE7 = {
						CreatedOnToolsVersion = 12.4;
						TestTargetID = D543213C2617718A00566CE7;
					};
					D54321572617718A00566CE7 = {
						CreatedOnToolsVersion = 12.4;
						TestTargetID = D54321442617718A00566CE7;
					};
				};
			};
			buildConfigurationList = D54321342617718800566CE7 /* Build configuration list for PBXProject "ZombieSimulator" */;
			compatibilityVersion = "Xcode 9.3";
			developmentRegion = en;
			hasScannedForEncodings = 0;
			knownRegions = (
				en,
				Base,
			);
			mainGroup = D54321302617718800566CE7;
			packageReferences = (
				D54321B92617749A00566CE7 /* XCRemoteSwiftPackageReference "core-plot" */,
			);
			productRefGroup = D543213E2617718A00566CE7 /* Products */;
			projectDirPath = "";
			projectRoot = "";
			targets = (
				D543213C2617718A00566CE7 /* ZombieSimulator (iOS) */,
				D54321442617718A00566CE7 /* ZombieSimulator (macOS) */,
				D543214C2617718A00566CE7 /* Tests iOS */,
				D54321572617718A00566CE7 /* Tests macOS */,
			);
		};
/* End PBXProject section */

/* Begin PBXResourcesBuildPhase section */
		D543213B2617718A00566CE7 /* Resources */ = {
			isa = PBXResourcesBuildPhase;
			buildActionMask = 2147483647;
			files = (
				D54321632617718A00566CE7 /* Assets.xcassets in Resources */,
			);
			runOnlyForDeploymentPostprocessing = 0;
		};
		D54321432617718A00566CE7 /* Resources */ = {
			isa = PBXResourcesBuildPhase;
			buildActionMask = 2147483647;
			files = (
				D54321642617718A00566CE7 /* Assets.xcassets in Resources */,
			);
			runOnlyForDeploymentPostprocessing = 0;
		};
		D543214B2617718A00566CE7 /* Resources */ = {
			isa = PBXResourcesBuildPhase;
			buildActionMask = 2147483647;
			files = (
			);
			runOnlyForDeploymentPostprocessing = 0;
		};
		D54321562617718A00566CE7 /* Resources */ = {
			isa = PBXResourcesBuildPhase;
			buildActionMask = 2147483647;
			files = (
			);
			runOnlyForDeploymentPostprocessing = 0;
		};
/* End PBXResourcesBuildPhase section */

/* Begin PBXSourcesBuildPhase section */
		D54321392617718A00566CE7 /* Sources */ = {
			isa = PBXSourcesBuildPhase;
			buildActionMask = 2147483647;
			files = (
				D54321612617718A00566CE7 /* ContentView.swift in Sources */,
				D54321992617742400566CE7 /* CalculatePlotData.swift in Sources */,
				D54321952617742400566CE7 /* operators.swift in Sources */,
				D54321CA2617761A00566CE7 /* ModelEquations.swift in Sources */,
				D54321912617742400566CE7 /* TextExportDocument.swift in Sources */,
				D543218D2617742400566CE7 /* PlotDataClass.swift in Sources */,
				D54321852617742400566CE7 /* CorePlot.swift in Sources */,
				D543215F2617718A00566CE7 /* ZombieSimulatorApp.swift in Sources */,
				D54321812617742400566CE7 /* ChangingPlotParameters.swift in Sources */,
				D543219D2617742400566CE7 /* TextView.swift in Sources */,
			);
			runOnlyForDeploymentPostprocessing = 0;
		};
		D54321412617718A00566CE7 /* Sources */ = {
			isa = PBXSourcesBuildPhase;
			buildActionMask = 2147483647;
			files = (
				D54321622617718A00566CE7 /* ContentView.swift in Sources */,
				D543219A2617742400566CE7 /* CalculatePlotData.swift in Sources */,
				D54321962617742400566CE7 /* operators.swift in Sources */,
				D54321CB2617761A00566CE7 /* ModelEquations.swift in Sources */,
				D54321922617742400566CE7 /* TextExportDocument.swift in Sources */,
				D543218E2617742400566CE7 /* PlotDataClass.swift in Sources */,
				D54321862617742400566CE7 /* CorePlot.swift in Sources */,
				D54321602617718A00566CE7 /* ZombieSimulatorApp.swift in Sources */,
				D54321822617742400566CE7 /* ChangingPlotParameters.swift in Sources */,
				D543219E2617742400566CE7 /* TextView.swift in Sources */,
			);
			runOnlyForDeploymentPostprocessing = 0;
		};
		D54321492617718A00566CE7 /* Sources */ = {
			isa = PBXSourcesBuildPhase;
			buildActionMask = 2147483647;
			files = (
				D54321872617742400566CE7 /* CorePlot.swift in Sources */,
				D543219B2617742400566CE7 /* CalculatePlotData.swift in Sources */,
				D54321972617742400566CE7 /* operators.swift in Sources */,
				D54321CC2617761A00566CE7 /* ModelEquations.swift in Sources */,
				D54321522617718A00566CE7 /* Tests_iOS.swift in Sources */,
				D543218F2617742400566CE7 /* PlotDataClass.swift in Sources */,
				D54321932617742400566CE7 /* TextExportDocument.swift in Sources */,
				D543219F2617742400566CE7 /* TextView.swift in Sources */,
				D54321832617742400566CE7 /* ChangingPlotParameters.swift in Sources */,
			);
			runOnlyForDeploymentPostprocessing = 0;
		};
		D54321542617718A00566CE7 /* Sources */ = {
			isa = PBXSourcesBuildPhase;
			buildActionMask = 2147483647;
			files = (
				D54321882617742400566CE7 /* CorePlot.swift in Sources */,
				D543219C2617742400566CE7 /* CalculatePlotData.swift in Sources */,
				D54321982617742400566CE7 /* operators.swift in Sources */,
				D54321CD2617761A00566CE7 /* ModelEquations.swift in Sources */,
				D543215D2617718A00566CE7 /* Tests_macOS.swift in Sources */,
				D54321902617742400566CE7 /* PlotDataClass.swift in Sources */,
				D54321942617742400566CE7 /* TextExportDocument.swift in Sources */,
				D54321A02617742400566CE7 /* TextView.swift in Sources */,
				D54321842617742400566CE7 /* ChangingPlotParameters.swift in Sources */,
			);
			runOnlyForDeploymentPostprocessing = 0;
		};
/* End PBXSourcesBuildPhase section */

/* Begin PBXTargetDependency section */
		D543214F2617718A00566CE7 /* PBXTargetDependency */ = {
			isa = PBXTargetDependency;
			target = D543213C2617718A00566CE7 /* ZombieSimulator (iOS) */;
			targetProxy = D543214E2617718A00566CE7 /* PBXContainerItemProxy */;
		};
		D543215A2617718A00566CE7 /* PBXTargetDependency */ = {
			isa = PBXTargetDependency;
			target = D54321442617718A00566CE7 /* ZombieSimulator (macOS) */;
			targetProxy = D54321592617718A00566CE7 /* PBXContainerItemProxy */;
		};
/* End PBXTargetDependency section */

/* Begin XCBuildConfiguration section */
		D54321652617718A00566CE7 /* Debug */ = {
			isa = XCBuildConfiguration;
			buildSettings = {
				ALWAYS_SEARCH_USER_PATHS = NO;
				CLANG_ANALYZER_NONNULL = YES;
				CLANG_ANALYZER_NUMBER_OBJECT_CONVERSION = YES_AGGRESSIVE;
				CLANG_CXX_LANGUAGE_STANDARD = "gnu++14";
				CLANG_CXX_LIBRARY = "libc++";
				CLANG_ENABLE_MODULES = YES;
				CLANG_ENABLE_OBJC_ARC = YES;
				CLANG_ENABLE_OBJC_WEAK = YES;
				CLANG_WARN_BLOCK_CAPTURE_AUTORELEASING = YES;
				CLANG_WARN_BOOL_CONVERSION = YES;
				CLANG_WARN_COMMA = YES;
				CLANG_WARN_CONSTANT_CONVERSION = YES;
				CLANG_WARN_DEPRECATED_OBJC_IMPLEMENTATIONS = YES;
				CLANG_WARN_DIRECT_OBJC_ISA_USAGE = YES_ERROR;
				CLANG_WARN_DOCUMENTATION_COMMENTS = YES;
				CLANG_WARN_EMPTY_BODY = YES;
				CLANG_WARN_ENUM_CONVERSION = YES;
				CLANG_WARN_INFINITE_RECURSION = YES;
				CLANG_WARN_INT_CONVERSION = YES;
				CLANG_WARN_NON_LITERAL_NULL_CONVERSION = YES;
				CLANG_WARN_OBJC_IMPLICIT_RETAIN_SELF = YES;
				CLANG_WARN_OBJC_LITERAL_CONVERSION = YES;
				CLANG_WARN_OBJC_ROOT_CLASS = YES_ERROR;
				CLANG_WARN_QUOTED_INCLUDE_IN_FRAMEWORK_HEADER = YES;
				CLANG_WARN_RANGE_LOOP_ANALYSIS = YES;
				CLANG_WARN_STRICT_PROTOTYPES = YES;
				CLANG_WARN_SUSPICIOUS_MOVE = YES;
				CLANG_WARN_UNGUARDED_AVAILABILITY = YES_AGGRESSIVE;
				CLANG_WARN_UNREACHABLE_CODE = YES;
				CLANG_WARN__DUPLICATE_METHOD_MATCH = YES;
				COPY_PHASE_STRIP = NO;
				DEBUG_INFORMATION_FORMAT = dwarf;
				ENABLE_STRICT_OBJC_MSGSEND = YES;
				ENABLE_TESTABILITY = YES;
				GCC_C_LANGUAGE_STANDARD = gnu11;
				GCC_DYNAMIC_NO_PIC = NO;
				GCC_NO_COMMON_BLOCKS = YES;
				GCC_OPTIMIZATION_LEVEL = 0;
				GCC_PREPROCESSOR_DEFINITIONS = (
					"DEBUG=1",
					"$(inherited)",
				);
				GCC_WARN_64_TO_32_BIT_CONVERSION = YES;
				GCC_WARN_ABOUT_RETURN_TYPE = YES_ERROR;
				GCC_WARN_UNDECLARED_SELECTOR = YES;
				GCC_WARN_UNINITIALIZED_AUTOS = YES_AGGRESSIVE;
				GCC_WARN_UNUSED_FUNCTION = YES;
				GCC_WARN_UNUSED_VARIABLE = YES;
				MTL_ENABLE_DEBUG_INFO = INCLUDE_SOURCE;
				MTL_FAST_MATH = YES;
				ONLY_ACTIVE_ARCH = YES;
				SWIFT_ACTIVE_COMPILATION_CONDITIONS = DEBUG;
				SWIFT_OPTIMIZATION_LEVEL = "-Onone";
			};
			name = Debug;
		};
		D54321662617718A00566CE7 /* Release */ = {
			isa = XCBuildConfiguration;
			buildSettings = {
				ALWAYS_SEARCH_USER_PATHS = NO;
				CLANG_ANALYZER_NONNULL = YES;
				CLANG_ANALYZER_NUMBER_OBJECT_CONVERSION = YES_AGGRESSIVE;
				CLANG_CXX_LANGUAGE_STANDARD = "gnu++14";
				CLANG_CXX_LIBRARY = "libc++";
				CLANG_ENABLE_MODULES = YES;
				CLANG_ENABLE_OBJC_ARC = YES;
				CLANG_ENABLE_OBJC_WEAK = YES;
				CLANG_WARN_BLOCK_CAPTURE_AUTORELEASING = YES;
				CLANG_WARN_BOOL_CONVERSION = YES;
				CLANG_WARN_COMMA = YES;
				CLANG_WARN_CONSTANT_CONVERSION = YES;
				CLANG_WARN_DEPRECATED_OBJC_IMPLEMENTATIONS = YES;
				CLANG_WARN_DIRECT_OBJC_ISA_USAGE = YES_ERROR;
				CLANG_WARN_DOCUMENTATION_COMMENTS = YES;
				CLANG_WARN_EMPTY_BODY = YES;
				CLANG_WARN_ENUM_CONVERSION = YES;
				CLANG_WARN_INFINITE_RECURSION = YES;
				CLANG_WARN_INT_CONVERSION = YES;
				CLANG_WARN_NON_LITERAL_NULL_CONVERSION = YES;
				CLANG_WARN_OBJC_IMPLICIT_RETAIN_SELF = YES;
				CLANG_WARN_OBJC_LITERAL_CONVERSION = YES;
				CLANG_WARN_OBJC_ROOT_CLASS = YES_ERROR;
				CLANG_WARN_QUOTED_INCLUDE_IN_FRAMEWORK_HEADER = YES;
				CLANG_WARN_RANGE_LOOP_ANALYSIS = YES;
				CLANG_WARN_STRICT_PROTOTYPES = YES;
				CLANG_WARN_SUSPICIOUS_MOVE = YES;
				CLANG_WARN_UNGUARDED_AVAILABILITY = YES_AGGRESSIVE;
				CLANG_WARN_UNREACHABLE_CODE = YES;
				CLANG_WARN__DUPLICATE_METHOD_MATCH = YES;
				COPY_PHASE_STRIP = NO;
				DEBUG_INFORMATION_FORMAT = "dwarf-with-dsym";
				ENABLE_NS_ASSERTIONS = NO;
				ENABLE_STRICT_OBJC_MSGSEND = YES;
				GCC_C_LANGUAGE_STANDARD = gnu11;
				GCC_NO_COMMON_BLOCKS = YES;
				GCC_WARN_64_TO_32_BIT_CONVERSION = YES;
				GCC_WARN_ABOUT_RETURN_TYPE = YES_ERROR;
				GCC_WARN_UNDECLARED_SELECTOR = YES;
				GCC_WARN_UNINITIALIZED_AUTOS = YES_AGGRESSIVE;
				GCC_WARN_UNUSED_FUNCTION = YES;
				GCC_WARN_UNUSED_VARIABLE = YES;
				MTL_ENABLE_DEBUG_INFO = NO;
				MTL_FAST_MATH = YES;
				SWIFT_COMPILATION_MODE = wholemodule;
				SWIFT_OPTIMIZATION_LEVEL = "-O";
			};
			name = Release;
		};
		D54321682617718A00566CE7 /* Debug */ = {
			isa = XCBuildConfiguration;
			buildSettings = {
				ASSETCATALOG_COMPILER_APPICON_NAME = AppIcon;
				ASSETCATALOG_COMPILER_GLOBAL_ACCENT_COLOR_NAME = AccentColor;
				CODE_SIGN_STYLE = Automatic;
				DEVELOPMENT_TEAM = 3CJZCVG5JC;
				ENABLE_PREVIEWS = YES;
				INFOPLIST_FILE = iOS/Info.plist;
				IPHONEOS_DEPLOYMENT_TARGET = 14.0;
				LD_RUNPATH_SEARCH_PATHS = (
					"$(inherited)",
					"@executable_path/Frameworks",
				);
				PRODUCT_BUNDLE_IDENTIFIER = com.SLIIT.ZombieSimulator;
				PRODUCT_NAME = ZombieSimulator;
				SDKROOT = iphoneos;
				SWIFT_VERSION = 5.0;
				TARGETED_DEVICE_FAMILY = "1,2";
			};
			name = Debug;
		};
		D54321692617718A00566CE7 /* Release */ = {
			isa = XCBuildConfiguration;
			buildSettings = {
				ASSETCATALOG_COMPILER_APPICON_NAME = AppIcon;
				ASSETCATALOG_COMPILER_GLOBAL_ACCENT_COLOR_NAME = AccentColor;
				CODE_SIGN_STYLE = Automatic;
				DEVELOPMENT_TEAM = 3CJZCVG5JC;
				ENABLE_PREVIEWS = YES;
				INFOPLIST_FILE = iOS/Info.plist;
				IPHONEOS_DEPLOYMENT_TARGET = 14.0;
				LD_RUNPATH_SEARCH_PATHS = (
					"$(inherited)",
					"@executable_path/Frameworks",
				);
				PRODUCT_BUNDLE_IDENTIFIER = com.SLIIT.ZombieSimulator;
				PRODUCT_NAME = ZombieSimulator;
				SDKROOT = iphoneos;
				SWIFT_VERSION = 5.0;
				TARGETED_DEVICE_FAMILY = "1,2";
				VALIDATE_PRODUCT = YES;
			};
			name = Release;
		};
		D543216B2617718A00566CE7 /* Debug */ = {
			isa = XCBuildConfiguration;
			buildSettings = {
				ASSETCATALOG_COMPILER_APPICON_NAME = AppIcon;
				ASSETCATALOG_COMPILER_GLOBAL_ACCENT_COLOR_NAME = AccentColor;
				CODE_SIGN_ENTITLEMENTS = macOS/macOS.entitlements;
				CODE_SIGN_STYLE = Automatic;
				COMBINE_HIDPI_IMAGES = YES;
				DEVELOPMENT_TEAM = 3CJZCVG5JC;
				ENABLE_HARDENED_RUNTIME = YES;
				ENABLE_PREVIEWS = YES;
				INFOPLIST_FILE = macOS/Info.plist;
				LD_RUNPATH_SEARCH_PATHS = (
					"$(inherited)",
					"@executable_path/../Frameworks",
				);
				MACOSX_DEPLOYMENT_TARGET = 11.0;
				PRODUCT_BUNDLE_IDENTIFIER = com.SLIIT.ZombieSimulator;
				PRODUCT_NAME = ZombieSimulator;
				SDKROOT = macosx;
				SWIFT_VERSION = 5.0;
			};
			name = Debug;
		};
		D543216C2617718A00566CE7 /* Release */ = {
			isa = XCBuildConfiguration;
			buildSettings = {
				ASSETCATALOG_COMPILER_APPICON_NAME = AppIcon;
				ASSETCATALOG_COMPILER_GLOBAL_ACCENT_COLOR_NAME = AccentColor;
				CODE_SIGN_ENTITLEMENTS = macOS/macOS.entitlements;
				CODE_SIGN_STYLE = Automatic;
				COMBINE_HIDPI_IMAGES = YES;
				DEVELOPMENT_TEAM = 3CJZCVG5JC;
				ENABLE_HARDENED_RUNTIME = YES;
				ENABLE_PREVIEWS = YES;
				INFOPLIST_FILE = macOS/Info.plist;
				LD_RUNPATH_SEARCH_PATHS = (
					"$(inherited)",
					"@executable_path/../Frameworks",
				);
				MACOSX_DEPLOYMENT_TARGET = 11.0;
				PRODUCT_BUNDLE_IDENTIFIER = com.SLIIT.ZombieSimulator;
				PRODUCT_NAME = ZombieSimulator;
				SDKROOT = macosx;
				SWIFT_VERSION = 5.0;
			};
			name = Release;
		};
		D543216E2617718A00566CE7 /* Debug */ = {
			isa = XCBuildConfiguration;
			buildSettings = {
				ALWAYS_EMBED_SWIFT_STANDARD_LIBRARIES = YES;
				CODE_SIGN_STYLE = Automatic;
				DEVELOPMENT_TEAM = 3CJZCVG5JC;
				INFOPLIST_FILE = "Tests iOS/Info.plist";
				IPHONEOS_DEPLOYMENT_TARGET = 14.4;
				LD_RUNPATH_SEARCH_PATHS = (
					"$(inherited)",
					"@executable_path/Frameworks",
					"@loader_path/Frameworks",
				);
				PRODUCT_BUNDLE_IDENTIFIER = "com.SLIIT.Tests-iOS";
				PRODUCT_NAME = "$(TARGET_NAME)";
				SDKROOT = iphoneos;
				SWIFT_VERSION = 5.0;
				TARGETED_DEVICE_FAMILY = "1,2";
				TEST_TARGET_NAME = "ZombieSimulator (iOS)";
			};
			name = Debug;
		};
		D543216F2617718A00566CE7 /* Release */ = {
			isa = XCBuildConfiguration;
			buildSettings = {
				ALWAYS_EMBED_SWIFT_STANDARD_LIBRARIES = YES;
				CODE_SIGN_STYLE = Automatic;
				DEVELOPMENT_TEAM = 3CJZCVG5JC;
				INFOPLIST_FILE = "Tests iOS/Info.plist";
				IPHONEOS_DEPLOYMENT_TARGET = 14.4;
				LD_RUNPATH_SEARCH_PATHS = (
					"$(inherited)",
					"@executable_path/Frameworks",
					"@loader_path/Frameworks",
				);
				PRODUCT_BUNDLE_IDENTIFIER = "com.SLIIT.Tests-iOS";
				PRODUCT_NAME = "$(TARGET_NAME)";
				SDKROOT = iphoneos;
				SWIFT_VERSION = 5.0;
				TARGETED_DEVICE_FAMILY = "1,2";
				TEST_TARGET_NAME = "ZombieSimulator (iOS)";
				VALIDATE_PRODUCT = YES;
			};
			name = Release;
		};
		D54321712617718A00566CE7 /* Debug */ = {
			isa = XCBuildConfiguration;
			buildSettings = {
				ALWAYS_EMBED_SWIFT_STANDARD_LIBRARIES = YES;
				CODE_SIGN_STYLE = Automatic;
				COMBINE_HIDPI_IMAGES = YES;
				DEVELOPMENT_TEAM = 3CJZCVG5JC;
				INFOPLIST_FILE = "Tests macOS/Info.plist";
				LD_RUNPATH_SEARCH_PATHS = (
					"$(inherited)",
					"@executable_path/../Frameworks",
					"@loader_path/../Frameworks",
				);
				MACOSX_DEPLOYMENT_TARGET = 11.1;
				PRODUCT_BUNDLE_IDENTIFIER = "com.SLIIT.Tests-macOS";
				PRODUCT_NAME = "$(TARGET_NAME)";
				SDKROOT = macosx;
				SWIFT_VERSION = 5.0;
				TEST_TARGET_NAME = "ZombieSimulator (macOS)";
			};
			name = Debug;
		};
		D54321722617718A00566CE7 /* Release */ = {
			isa = XCBuildConfiguration;
			buildSettings = {
				ALWAYS_EMBED_SWIFT_STANDARD_LIBRARIES = YES;
				CODE_SIGN_STYLE = Automatic;
				COMBINE_HIDPI_IMAGES = YES;
				DEVELOPMENT_TEAM = 3CJZCVG5JC;
				INFOPLIST_FILE = "Tests macOS/Info.plist";
				LD_RUNPATH_SEARCH_PATHS = (
					"$(inherited)",
					"@executable_path/../Frameworks",
					"@loader_path/../Frameworks",
				);
				MACOSX_DEPLOYMENT_TARGET = 11.1;
				PRODUCT_BUNDLE_IDENTIFIER = "com.SLIIT.Tests-macOS";
				PRODUCT_NAME = "$(TARGET_NAME)";
				SDKROOT = macosx;
				SWIFT_VERSION = 5.0;
				TEST_TARGET_NAME = "ZombieSimulator (macOS)";
			};
			name = Release;
		};
/* End XCBuildConfiguration section */

/* Begin XCConfigurationList section */
		D54321342617718800566CE7 /* Build configuration list for PBXProject "ZombieSimulator" */ = {
			isa = XCConfigurationList;
			buildConfigurations = (
				D54321652617718A00566CE7 /* Debug */,
				D54321662617718A00566CE7 /* Release */,
			);
			defaultConfigurationIsVisible = 0;
			defaultConfigurationName = Release;
		};
		D54321672617718A00566CE7 /* Build configuration list for PBXNativeTarget "ZombieSimulator (iOS)" */ = {
			isa = XCConfigurationList;
			buildConfigurations = (
				D54321682617718A00566CE7 /* Debug */,
				D54321692617718A00566CE7 /* Release */,
			);
			defaultConfigurationIsVisible = 0;
			defaultConfigurationName = Release;
		};
		D543216A2617718A00566CE7 /* Build configuration list for PBXNativeTarget "ZombieSimulator (macOS)" */ = {
			isa = XCConfigurationList;
			buildConfigurations = (
				D543216B2617718A00566CE7 /* Debug */,
				D543216C2617718A00566CE7 /* Release */,
			);
			defaultConfigurationIsVisible = 0;
			defaultConfigurationName = Release;
		};
		D543216D2617718A00566CE7 /* Build configuration list for PBXNativeTarget "Tests iOS" */ = {
			isa = XCConfigurationList;
			buildConfigurations = (
				D543216E2617718A00566CE7 /* Debug */,
				D543216F2617718A00566CE7 /* Release */,
			);
			defaultConfigurationIsVisible = 0;
			defaultConfigurationName = Release;
		};
		D54321702617718A00566CE7 /* Build configuration list for PBXNativeTarget "Tests macOS" */ = {
			isa = XCConfigurationList;
			buildConfigurations = (
				D54321712617718A00566CE7 /* Debug */,
				D54321722617718A00566CE7 /* Release */,
			);
			defaultConfigurationIsVisible = 0;
			defaultConfigurationName = Release;
		};
/* End XCConfigurationList section */

/* Begin XCRemoteSwiftPackageReference section */
		D54321B92617749A00566CE7 /* XCRemoteSwiftPackageReference "core-plot" */ = {
			isa = XCRemoteSwiftPackageReference;
			repositoryURL = "https://github.com/core-plot/core-plot/";
			requirement = {
				branch = "release-2.4";
				kind = branch;
			};
		};
/* End XCRemoteSwiftPackageReference section */

/* Begin XCSwiftPackageProductDependency section */
		D54321BA2617749A00566CE7 /* CorePlot */ = {
			isa = XCSwiftPackageProductDependency;
			package = D54321B92617749A00566CE7 /* XCRemoteSwiftPackageReference "core-plot" */;
			productName = CorePlot;
		};
		D54321C1261774A900566CE7 /* CorePlot */ = {
			isa = XCSwiftPackageProductDependency;
			package = D54321B92617749A00566CE7 /* XCRemoteSwiftPackageReference "core-plot" */;
			productName = CorePlot;
		};
		D54321C3261774B300566CE7 /* CorePlot */ = {
			isa = XCSwiftPackageProductDependency;
			package = D54321B92617749A00566CE7 /* XCRemoteSwiftPackageReference "core-plot" */;
			productName = CorePlot;
		};
/* End XCSwiftPackageProductDependency section */
	};
	rootObject = D54321312617718800566CE7 /* Project object */;
}
